{
  "name": "game",
  "version": "1.0.0",
  "lockfileVersion": 1,
  "requires": true,
  "dependencies": {
    "@types/lodash": {
      "version": "4.14.149",
      "resolved": "http://bdxsvn001:8082/npm/AT_NPM/@types/lodash/-/lodash-4.14.149.tgz",
      "integrity": "sha1-E0LWPZSMYGKDj7+WEBL3TU5jhEA="
    },
    "@types/node": {
      "version": "13.7.1",
      "resolved": "http://bdxsvn001:8082/npm/AT_NPM/@types/node/-/node-13.7.1.tgz",
      "integrity": "sha1-I46zSmZDG3HSqt3qp9sWbyWXGg0="
    },
    "light-event-bus": {
      "version": "1.0.1",
      "resolved": "http://bdxsvn001:8082/npm/AT_NPM/light-event-bus/-/light-event-bus-1.0.1.tgz",
      "integrity": "sha1-d+QuGqsGXFP3yhYYbk/7ZViN+Wk="
    },
    "lodash": {
      "version": "4.17.15",
      "resolved": "http://bdxsvn001:8082/npm/AT_NPM/lodash/-/lodash-4.17.15.tgz",
      "integrity": "sha1-tEf2ZwoEVbv+7dETku/zMOoJdUg="
    }
  }
}
